{
  "requires": true,
  "lockfileVersion": 1,
  "dependencies": {
    "opencv.js": {
      "version": "1.2.1",
      "resolved": "https://registry.npmjs.org/opencv.js/-/opencv.js-1.2.1.tgz",
      "integrity": "sha512-+ji5Pk3eyz+RRSeZr2kLZNJpjsKoGyPJOjFWng7+Cuq9ylHakBqJMxDGlBW1+qdju3k8DadWOiHJ6JaF28UpKA=="
    }
  }
}
